
Microsoft Visual Studio Solution File, Format Version 12.00
# Visual Studio Version 16
VisualStudioVersion = 16.0.31702.278
MinimumVisualStudioVersion = 10.0.40219.1
Project("{FAE04EC0-301F-11D3-BF4B-00C04F79EFBC}") = "Data-Structures", "Data-Structures.csproj", "{1DF784EB-6D16-42DC-8C65-7C320C1A3F2D}"
EndProject
Global
	GlobalSection(SolutionConfigurationPlatforms) = preSolution
		Debug|Any CPU = Debug|Any CPU
		Release|Any CPU = Release|Any CPU
	EndGlobalSection
	GlobalSection(ProjectConfigurationPlatforms) = postSolution
		{1DF784EB-6D16-42DC-8C65-7C320C1A3F2D}.Debug|Any CPU.ActiveCfg = Debug|Any CPU
		{1DF784EB-6D16-42DC-8C65-7C320C1A3F2D}.Debug|Any CPU.Build.0 = Debug|Any CPU
		{1DF784EB-6D16-42DC-8C65-7C320C1A3F2D}.Release|Any CPU.ActiveCfg = Release|Any CPU
		{1DF784EB-6D16-42DC-8C65-7C320C1A3F2D}.Release|Any CPU.Build.0 = Release|Any CPU
	EndGlobalSection
	GlobalSection(SolutionProperties) = preSolution
		HideSolutionNode = FALSE
	EndGlobalSection
	GlobalSection(ExtensibilityGlobals) = postSolution
		SolutionGuid = {11ABDC23-53F5-4BF0-A0CD-F0FF74D4799D}
	EndGlobalSection
EndGlobal
